{
  "requires": true,
  "lockfileVersion": 1,
  "dependencies": {
    "@fullcalendar/angular": {
      "version": "5.1.0",
      "resolved": "https://registry.npmjs.org/@fullcalendar/angular/-/angular-5.1.0.tgz",
      "integrity": "sha512-oD2FEViEei0McMBe+SkmLTeMxSug5M3YRaW8ABHnN0SG2QRQKXXYKeGwIEpK0pGzlSDnMsgFF9fA3kOkKNXyGw==",
      "requires": {
        "@fullcalendar/core": "~5.1.0",
        "fast-deep-equal": "^3.1.1"
      }
    },
    "@fullcalendar/common": {
      "version": "5.1.0",
      "resolved": "https://registry.npmjs.org/@fullcalendar/common/-/common-5.1.0.tgz",
      "integrity": "sha512-ubwf9T0BDocGLh0AK8achrmc0siQdrp3Wn6Rmg/Ht4/WnwBtjc5gumzJ0ezG/xHE0GWG+Pz6Tm0IJF/jE7NJHw==",
      "requires": {
        "tslib": "^2.0.0"
      }
    },
    "@fullcalendar/core": {
      "version": "5.1.0",
      "resolved": "https://registry.npmjs.org/@fullcalendar/core/-/core-5.1.0.tgz",
      "integrity": "sha512-C9OA9LHD1zgfcMABQ17TaxvAO/iubYFLDrgTIRCe77LatC0G36UBafthevUlMRqCR6rt5SBcw0oBt23HqSJO3A==",
      "requires": {
        "@fullcalendar/common": "~5.1.0",
        "preact": "^10.0.5",
        "tslib": "^2.0.0"
      }
    },
    "@fullcalendar/daygrid": {
      "version": "5.1.0",
      "resolved": "https://registry.npmjs.org/@fullcalendar/daygrid/-/daygrid-5.1.0.tgz",
      "integrity": "sha512-zdO/EFer8wWrr+kvkMfyizPi/F7yvOCpGOb6Arz6QqyOgFl1ffNUQoRf1iQf7h2PnIEvZWZdZs+3wuMwwmhb3g==",
      "requires": {
        "@fullcalendar/common": "~5.1.0",
        "tslib": "^2.0.0"
      }
    },
    "fast-deep-equal": {
      "version": "3.1.3",
      "resolved": "https://registry.npmjs.org/fast-deep-equal/-/fast-deep-equal-3.1.3.tgz",
      "integrity": "sha512-f3qQ9oQy9j2AhBe/H9VC91wLmKBCCU/gDOnKNAYG5hswO7BLKj09Hc5HYNz9cGI++xlpDCIgDaitVs03ATR84Q=="
    },
    "preact": {
      "version": "10.4.4",
      "resolved": "https://registry.npmjs.org/preact/-/preact-10.4.4.tgz",
      "integrity": "sha512-EaTJrerceyAPatQ+vfnadoopsMBZAOY7ak9ogVdUi5xbpR8SoHgtLryXnW+4mQOwt21icqoVR1brkU2dq7pEBA=="
    },
    "ts-md5": {
      "version": "1.2.7",
      "resolved": "https://registry.npmjs.org/ts-md5/-/ts-md5-1.2.7.tgz",
      "integrity": "sha512-emODogvKGWi1KO1l9c6YxLMBn6CEH3VrH5mVPIyOtxBG52BvV4jP3GWz6bOZCz61nLgBc3ffQYE4+EHfCD+V7w=="
    },
    "tslib": {
      "version": "2.0.0",
      "resolved": "https://registry.npmjs.org/tslib/-/tslib-2.0.0.tgz",
      "integrity": "sha512-lTqkx847PI7xEDYJntxZH89L2/aXInsyF2luSafe/+0fHOMjlBNXdH6th7f70qxLDhul7KZK0zC8V5ZIyHl0/g=="
    }
  }
}
